// !$*UTF8*$!
{
	archiveVersion = 1;
	classes = {
	};
	objectVersion = 77;
	objects = {

/* Begin PBXBuildFile section */
		8B31826A2E90CE1B004505AE /* FirebaseAnalytics in Frameworks */ = {isa = PBXBuildFile; productRef = 8B3182692E90CE1B004505AE /* FirebaseAnalytics */; };
		8B31826C2E90CE1B004505AE /* FirebaseAuth in Frameworks */ = {isa = PBXBuildFile; productRef = 8B31826B2E90CE1B004505AE /* FirebaseAuth */; };
		8B31826E2E90CE1B004505AE /* FirebaseAuthCombine-Community in Frameworks */ = {isa = PBXBuildFile; productRef = 8B31826D2E90CE1B004505AE /* FirebaseAuthCombine-Community */; };
		8B3182702E90CE1B004505AE /* FirebaseCore in Frameworks */ = {isa = PBXBuildFile; productRef = 8B31826F2E90CE1B004505AE /* FirebaseCore */; };
		8B3182722E90CE1B004505AE /* FirebaseDatabase in Frameworks */ = {isa = PBXBuildFile; productRef = 8B3182712E90CE1B004505AE /* FirebaseDatabase */; };
		8B3182742E90CE1B004505AE /* FirebaseFirestore in Frameworks */ = {isa = PBXBuildFile; productRef = 8B3182732E90CE1B004505AE /* FirebaseFirestore */; };
		8B3182762E90CE1B004505AE /* FirebaseFirestoreCombine-Community in Frameworks */ = {isa = PBXBuildFile; productRef = 8B3182752E90CE1B004505AE /* FirebaseFirestoreCombine-Community */; };
		8B3182782E90CE1B004505AE /* FirebaseMessaging in Frameworks */ = {isa = PBXBuildFile; productRef = 8B3182772E90CE1B004505AE /* FirebaseMessaging */; };
		8B31827A2E90CE1B004505AE /* FirebasePerformance in Frameworks */ = {isa = PBXBuildFile; productRef = 8B3182792E90CE1B004505AE /* FirebasePerformance */; };
		8B31827C2E90CE1B004505AE /* FirebaseRemoteConfig in Frameworks */ = {isa = PBXBuildFile; productRef = 8B31827B2E90CE1B004505AE /* FirebaseRemoteConfig */; };
		8B31827E2E90CE1B004505AE /* FirebaseStorage in Frameworks */ = {isa = PBXBuildFile; productRef = 8B31827D2E90CE1B004505AE /* FirebaseStorage */; };
		8B3182802E90CE1B004505AE /* FirebaseStorageCombine-Community in Frameworks */ = {isa = PBXBuildFile; productRef = 8B31827F2E90CE1B004505AE /* FirebaseStorageCombine-Community */; };
		8B5F44562E90FA74003137F2 /* ProfileSetupView.swift in Sources */ = {isa = PBXBuildFile; fileRef = 8B5F44552E90FA74003137F2 /* ProfileSetupView.swift */; };
		8B5F44582E90FA99003137F2 /* ProfileSetupViewModel.swift in Sources */ = {isa = PBXBuildFile; fileRef = 8B5F44572E90FA99003137F2 /* ProfileSetupViewModel.swift */; };
		8B7377E02E9546030001EFCD /* AuthService.swift in Sources */ = {isa = PBXBuildFile; fileRef = 8B7377DF2E9546030001EFCD /* AuthService.swift */; };
		8BA62EA42E9149A00054EB8F /* AppDelegate.swift in Sources */ = {isa = PBXBuildFile; fileRef = 8BA62EA32E9149A00054EB8F /* AppDelegate.swift */; };
		8BD7C3382E99306800E0305D /* GoogleService-Info.plist in Resources */ = {isa = PBXBuildFile; fileRef = 8BD7C3372E99306800E0305D /* GoogleService-Info.plist */; };
		A1AEBED12E9110160006FBBA /* CameraViewController.swift in Sources */ = {isa = PBXBuildFile; fileRef = A1AEBED02E9110120006FBBA /* CameraViewController.swift */; };
		CAA9AED62E8FC15C0047A89A /* AppCoordinator.swift in Sources */ = {isa = PBXBuildFile; fileRef = CAA9AEB92E8FC15C0047A89A /* AppCoordinator.swift */; };
		CAA9AED72E8FC15C0047A89A /* AppRoute.swift in Sources */ = {isa = PBXBuildFile; fileRef = CAA9AEBA2E8FC15C0047A89A /* AppRoute.swift */; };
		CAA9AED82E8FC15C0047A89A /* RootNavigationView.swift in Sources */ = {isa = PBXBuildFile; fileRef = CAA9AEBB2E8FC15C0047A89A /* RootNavigationView.swift */; };
		CAA9AED92E8FC15C0047A89A /* DonDog_iOSApp.swift in Sources */ = {isa = PBXBuildFile; fileRef = CAA9AEBD2E8FC15C0047A89A /* DonDog_iOSApp.swift */; };
		CAA9AEDA2E8FC15C0047A89A /* AuthViewModel.swift in Sources */ = {isa = PBXBuildFile; fileRef = CAA9AEC32E8FC15C0047A89A /* AuthViewModel.swift */; };
		CAA9AEDB2E8FC15C0047A89A /* AuthView.swift in Sources */ = {isa = PBXBuildFile; fileRef = CAA9AEC52E8FC15C0047A89A /* AuthView.swift */; };
		CAA9AEDC2E8FC15C0047A89A /* CameraViewModel.swift in Sources */ = {isa = PBXBuildFile; fileRef = CAA9AEC92E8FC15C0047A89A /* CameraViewModel.swift */; };
		CAA9AEDD2E8FC15C0047A89A /* CameraView.swift in Sources */ = {isa = PBXBuildFile; fileRef = CAA9AECB2E8FC15C0047A89A /* CameraView.swift */; };
		CAA9AEDE2E8FC15C0047A89A /* FeedViewModel.swift in Sources */ = {isa = PBXBuildFile; fileRef = CAA9AECE2E8FC15C0047A89A /* FeedViewModel.swift */; };
		CAA9AEDF2E8FC15C0047A89A /* FeedView.swift in Sources */ = {isa = PBXBuildFile; fileRef = CAA9AED02E8FC15C0047A89A /* FeedView.swift */; };
		CAA9AEE02E8FC15C0047A89A /* Assets.xcassets in Resources */ = {isa = PBXBuildFile; fileRef = CAA9AED32E8FC15C0047A89A /* Assets.xcassets */; };
		CAA9AEE52E8FC1B40047A89A /* InviteView.swift in Sources */ = {isa = PBXBuildFile; fileRef = CAA9AEE42E8FC1B40047A89A /* InviteView.swift */; };
		CAA9AEF02E8FE2990047A89A /* ModuleFactoryProtocol.swift in Sources */ = {isa = PBXBuildFile; fileRef = CAA9AEEF2E8FE2990047A89A /* ModuleFactoryProtocol.swift */; };
		CAA9AEF22E8FE3070047A89A /* InviteViewModel.swift in Sources */ = {isa = PBXBuildFile; fileRef = CAA9AEF12E8FE3070047A89A /* InviteViewModel.swift */; };
		D24402A22E992CCF00D837C8 /* CameraViewContainer.swift in Sources */ = {isa = PBXBuildFile; fileRef = D24402A12E992CCF00D837C8 /* CameraViewContainer.swift */; };
		D24402A82E992CD800D837C8 /* CaptionView.swift in Sources */ = {isa = PBXBuildFile; fileRef = D24402A52E992CD800D837C8 /* CaptionView.swift */; };
		D24402A92E992CD800D837C8 /* CaptionViewModel.swift in Sources */ = {isa = PBXBuildFile; fileRef = D24402A32E992CD800D837C8 /* CaptionViewModel.swift */; };
		D24402AB2E992CE700D837C8 /* PostContentView.swift in Sources */ = {isa = PBXBuildFile; fileRef = D24402AA2E992CE700D837C8 /* PostContentView.swift */; };
		D24402AD2E992CF000D837C8 /* PhotoSaveService.swift in Sources */ = {isa = PBXBuildFile; fileRef = D24402AC2E992CF000D837C8 /* PhotoSaveService.swift */; };
		D24402B02E992E7200D837C8 /* DataUtils.swift in Sources */ = {isa = PBXBuildFile; fileRef = D24402AE2E992E7200D837C8 /* DataUtils.swift */; };
		D2D16C002E9153B7008FB3E2 /* PostViewModel.swift in Sources */ = {isa = PBXBuildFile; fileRef = D2D16BFF2E9153B2008FB3E2 /* PostViewModel.swift */; };
		D2D16C022E9153BE008FB3E2 /* PostView.swift in Sources */ = {isa = PBXBuildFile; fileRef = D2D16C012E9153BC008FB3E2 /* PostView.swift */; };
/* End PBXBuildFile section */

/* Begin PBXFileReference section */
		8B5F44552E90FA74003137F2 /* ProfileSetupView.swift */ = {isa = PBXFileReference; lastKnownFileType = sourcecode.swift; path = ProfileSetupView.swift; sourceTree = "<group>"; };
		8B5F44572E90FA99003137F2 /* ProfileSetupViewModel.swift */ = {isa = PBXFileReference; lastKnownFileType = sourcecode.swift; path = ProfileSetupViewModel.swift; sourceTree = "<group>"; };
		8B5F44592E90FF95003137F2 /* Info.plist */ = {isa = PBXFileReference; lastKnownFileType = text.plist; path = Info.plist; sourceTree = "<group>"; };
		8B7377DF2E9546030001EFCD /* AuthService.swift */ = {isa = PBXFileReference; lastKnownFileType = sourcecode.swift; path = AuthService.swift; sourceTree = "<group>"; };
		8BA62EA32E9149A00054EB8F /* AppDelegate.swift */ = {isa = PBXFileReference; lastKnownFileType = sourcecode.swift; path = AppDelegate.swift; sourceTree = "<group>"; };
		8BD7C3372E99306800E0305D /* GoogleService-Info.plist */ = {isa = PBXFileReference; lastKnownFileType = text.plist.xml; path = "GoogleService-Info.plist"; sourceTree = "<group>"; };
		A1AEBED02E9110120006FBBA /* CameraViewController.swift */ = {isa = PBXFileReference; lastKnownFileType = sourcecode.swift; path = CameraViewController.swift; sourceTree = "<group>"; };
		CA957C5C2E942B4200AEAB49 /* DonDog-iOS.entitlements */ = {isa = PBXFileReference; lastKnownFileType = text.plist.entitlements; path = "DonDog-iOS.entitlements"; sourceTree = "<group>"; };
		CAA9AE802E8FBE250047A89A /* DonDog-iOS.app */ = {isa = PBXFileReference; explicitFileType = wrapper.application; includeInIndex = 0; path = "DonDog-iOS.app"; sourceTree = BUILT_PRODUCTS_DIR; };
		CAA9AEB92E8FC15C0047A89A /* AppCoordinator.swift */ = {isa = PBXFileReference; lastKnownFileType = sourcecode.swift; path = AppCoordinator.swift; sourceTree = "<group>"; };
		CAA9AEBA2E8FC15C0047A89A /* AppRoute.swift */ = {isa = PBXFileReference; lastKnownFileType = sourcecode.swift; path = AppRoute.swift; sourceTree = "<group>"; };
		CAA9AEBB2E8FC15C0047A89A /* RootNavigationView.swift */ = {isa = PBXFileReference; lastKnownFileType = sourcecode.swift; path = RootNavigationView.swift; sourceTree = "<group>"; };
		CAA9AEBD2E8FC15C0047A89A /* DonDog_iOSApp.swift */ = {isa = PBXFileReference; lastKnownFileType = sourcecode.swift; path = DonDog_iOSApp.swift; sourceTree = "<group>"; };
		CAA9AEC32E8FC15C0047A89A /* AuthViewModel.swift */ = {isa = PBXFileReference; lastKnownFileType = sourcecode.swift; path = AuthViewModel.swift; sourceTree = "<group>"; };
		CAA9AEC52E8FC15C0047A89A /* AuthView.swift */ = {isa = PBXFileReference; lastKnownFileType = sourcecode.swift; path = AuthView.swift; sourceTree = "<group>"; };
		CAA9AEC92E8FC15C0047A89A /* CameraViewModel.swift */ = {isa = PBXFileReference; lastKnownFileType = sourcecode.swift; path = CameraViewModel.swift; sourceTree = "<group>"; };
		CAA9AECB2E8FC15C0047A89A /* CameraView.swift */ = {isa = PBXFileReference; lastKnownFileType = sourcecode.swift; path = CameraView.swift; sourceTree = "<group>"; };
		CAA9AECE2E8FC15C0047A89A /* FeedViewModel.swift */ = {isa = PBXFileReference; lastKnownFileType = sourcecode.swift; path = FeedViewModel.swift; sourceTree = "<group>"; };
		CAA9AED02E8FC15C0047A89A /* FeedView.swift */ = {isa = PBXFileReference; lastKnownFileType = sourcecode.swift; path = FeedView.swift; sourceTree = "<group>"; };
		CAA9AED32E8FC15C0047A89A /* Assets.xcassets */ = {isa = PBXFileReference; lastKnownFileType = folder.assetcatalog; path = Assets.xcassets; sourceTree = "<group>"; };
		CAA9AEE42E8FC1B40047A89A /* InviteView.swift */ = {isa = PBXFileReference; lastKnownFileType = sourcecode.swift; path = InviteView.swift; sourceTree = "<group>"; };
		CAA9AEEF2E8FE2990047A89A /* ModuleFactoryProtocol.swift */ = {isa = PBXFileReference; lastKnownFileType = sourcecode.swift; path = ModuleFactoryProtocol.swift; sourceTree = "<group>"; };
		CAA9AEF12E8FE3070047A89A /* InviteViewModel.swift */ = {isa = PBXFileReference; lastKnownFileType = sourcecode.swift; path = InviteViewModel.swift; sourceTree = "<group>"; };
		D24402A12E992CCF00D837C8 /* CameraViewContainer.swift */ = {isa = PBXFileReference; lastKnownFileType = sourcecode.swift; path = CameraViewContainer.swift; sourceTree = "<group>"; };
		D24402A32E992CD800D837C8 /* CaptionViewModel.swift */ = {isa = PBXFileReference; lastKnownFileType = sourcecode.swift; path = CaptionViewModel.swift; sourceTree = "<group>"; };
		D24402A52E992CD800D837C8 /* CaptionView.swift */ = {isa = PBXFileReference; lastKnownFileType = sourcecode.swift; path = CaptionView.swift; sourceTree = "<group>"; };
		D24402AA2E992CE700D837C8 /* PostContentView.swift */ = {isa = PBXFileReference; lastKnownFileType = sourcecode.swift; path = PostContentView.swift; sourceTree = "<group>"; };
		D24402AC2E992CF000D837C8 /* PhotoSaveService.swift */ = {isa = PBXFileReference; lastKnownFileType = sourcecode.swift; path = PhotoSaveService.swift; sourceTree = "<group>"; };
		D24402AE2E992E7200D837C8 /* DataUtils.swift */ = {isa = PBXFileReference; lastKnownFileType = sourcecode.swift; path = DataUtils.swift; sourceTree = "<group>"; };
		D2D16BFF2E9153B2008FB3E2 /* PostViewModel.swift */ = {isa = PBXFileReference; lastKnownFileType = sourcecode.swift; path = PostViewModel.swift; sourceTree = "<group>"; };
		D2D16C012E9153BC008FB3E2 /* PostView.swift */ = {isa = PBXFileReference; lastKnownFileType = sourcecode.swift; path = PostView.swift; sourceTree = "<group>"; };
/* End PBXFileReference section */

/* Begin PBXFrameworksBuildPhase section */
		CAA9AE7D2E8FBE250047A89A /* Frameworks */ = {
			isa = PBXFrameworksBuildPhase;
			buildActionMask = 2147483647;
			files = (
				8B3182782E90CE1B004505AE /* FirebaseMessaging in Frameworks */,
				8B3182722E90CE1B004505AE /* FirebaseDatabase in Frameworks */,
				8B31827A2E90CE1B004505AE /* FirebasePerformance in Frameworks */,
				8B31826A2E90CE1B004505AE /* FirebaseAnalytics in Frameworks */,
				8B31826E2E90CE1B004505AE /* FirebaseAuthCombine-Community in Frameworks */,
				8B3182702E90CE1B004505AE /* FirebaseCore in Frameworks */,
				8B31826C2E90CE1B004505AE /* FirebaseAuth in Frameworks */,
				8B3182742E90CE1B004505AE /* FirebaseFirestore in Frameworks */,
				8B31827E2E90CE1B004505AE /* FirebaseStorage in Frameworks */,
				8B3182762E90CE1B004505AE /* FirebaseFirestoreCombine-Community in Frameworks */,
				8B3182802E90CE1B004505AE /* FirebaseStorageCombine-Community in Frameworks */,
				8B31827C2E90CE1B004505AE /* FirebaseRemoteConfig in Frameworks */,
			);
			runOnlyForDeploymentPostprocessing = 0;
		};
/* End PBXFrameworksBuildPhase section */

/* Begin PBXGroup section */
		8B7377E12E9546120001EFCD /* Services */ = {
			isa = PBXGroup;
			children = (
				8B7377DF2E9546030001EFCD /* AuthService.swift */,
				D24402AC2E992CF000D837C8 /* PhotoSaveService.swift */,
			);
			path = Services;
			sourceTree = "<group>";
		};
		CAA9AE772E8FBE250047A89A = {
			isa = PBXGroup;
			children = (
				CAA9AED52E8FC15C0047A89A /* DonDog-iOS */,
				CAA9AE812E8FBE250047A89A /* Products */,
			);
			sourceTree = "<group>";
		};
		CAA9AE812E8FBE250047A89A /* Products */ = {
			isa = PBXGroup;
			children = (
				CAA9AE802E8FBE250047A89A /* DonDog-iOS.app */,
			);
			name = Products;
			sourceTree = "<group>";
		};
		CAA9AEBC2E8FC15C0047A89A /* Coordinator */ = {
			isa = PBXGroup;
			children = (
				CAA9AEB92E8FC15C0047A89A /* AppCoordinator.swift */,
				CAA9AEBA2E8FC15C0047A89A /* AppRoute.swift */,
				CAA9AEBB2E8FC15C0047A89A /* RootNavigationView.swift */,
			);
			path = Coordinator;
			sourceTree = "<group>";
		};
		CAA9AEBE2E8FC15C0047A89A /* App */ = {
			isa = PBXGroup;
			children = (
				CAA9AEBD2E8FC15C0047A89A /* DonDog_iOSApp.swift */,
				8BA62EA32E9149A00054EB8F /* AppDelegate.swift */,
				CAA9AEBC2E8FC15C0047A89A /* Coordinator */,
				CAA9AEEE2E8FE27B0047A89A /* Factory */,
			);
			path = App;
			sourceTree = "<group>";
		};
		CAA9AEC42E8FC15C0047A89A /* ViewModels */ = {
			isa = PBXGroup;
			children = (
				CAA9AEC32E8FC15C0047A89A /* AuthViewModel.swift */,
				8B5F44572E90FA99003137F2 /* ProfileSetupViewModel.swift */,
			);
			path = ViewModels;
			sourceTree = "<group>";
		};
		CAA9AEC62E8FC15C0047A89A /* Views */ = {
			isa = PBXGroup;
			children = (
				CAA9AEC52E8FC15C0047A89A /* AuthView.swift */,
				8B5F44552E90FA74003137F2 /* ProfileSetupView.swift */,
			);
			path = Views;
			sourceTree = "<group>";
		};
		CAA9AEC72E8FC15C0047A89A /* Auth */ = {
			isa = PBXGroup;
			children = (
				CAA9AEC62E8FC15C0047A89A /* Views */,
				CAA9AEC42E8FC15C0047A89A /* ViewModels */,
			);
			path = Auth;
			sourceTree = "<group>";
		};
		CAA9AEC82E8FC15C0047A89A /* Views */ = {
			isa = PBXGroup;
			children = (
				CAA9AECB2E8FC15C0047A89A /* CameraView.swift */,
				D24402A12E992CCF00D837C8 /* CameraViewContainer.swift */,
			);
			path = Views;
			sourceTree = "<group>";
		};
		CAA9AECA2E8FC15C0047A89A /* ViewModels */ = {
			isa = PBXGroup;
			children = (
				A1AEBED02E9110120006FBBA /* CameraViewController.swift */,
				CAA9AEC92E8FC15C0047A89A /* CameraViewModel.swift */,
			);
			path = ViewModels;
			sourceTree = "<group>";
		};
		CAA9AECC2E8FC15C0047A89A /* Camera */ = {
			isa = PBXGroup;
			children = (
				CAA9AEC82E8FC15C0047A89A /* Views */,
				CAA9AECA2E8FC15C0047A89A /* ViewModels */,
			);
			path = Camera;
			sourceTree = "<group>";
		};
		CAA9AECD2E8FC15C0047A89A /* Views */ = {
			isa = PBXGroup;
			children = (
				D2D16C012E9153BC008FB3E2 /* PostView.swift */,
				CAA9AED02E8FC15C0047A89A /* FeedView.swift */,
				D24402AA2E992CE700D837C8 /* PostContentView.swift */,
			);
			path = Views;
			sourceTree = "<group>";
		};
		CAA9AECF2E8FC15C0047A89A /* ViewModels */ = {
			isa = PBXGroup;
			children = (
				D2D16BFF2E9153B2008FB3E2 /* PostViewModel.swift */,
				CAA9AECE2E8FC15C0047A89A /* FeedViewModel.swift */,
			);
			path = ViewModels;
			sourceTree = "<group>";
		};
		CAA9AED12E8FC15C0047A89A /* Feed */ = {
			isa = PBXGroup;
			children = (
				CAA9AECD2E8FC15C0047A89A /* Views */,
				CAA9AECF2E8FC15C0047A89A /* ViewModels */,
			);
			path = Feed;
			sourceTree = "<group>";
		};
		CAA9AED22E8FC15C0047A89A /* Presentation */ = {
			isa = PBXGroup;
			children = (
				8B7377E12E9546120001EFCD /* Services */,
				CAA9AEED2E8FC72E0047A89A /* Features */,
				D24402AF2E992E7200D837C8 /* Utils */,
			);
			path = Presentation;
			sourceTree = "<group>";
		};
		CAA9AED42E8FC15C0047A89A /* Resources */ = {
			isa = PBXGroup;
			children = (
				CAA9AED32E8FC15C0047A89A /* Assets.xcassets */,
			);
			path = Resources;
			sourceTree = "<group>";
		};
		CAA9AED52E8FC15C0047A89A /* DonDog-iOS */ = {
			isa = PBXGroup;
			children = (
				CA957C5C2E942B4200AEAB49 /* DonDog-iOS.entitlements */,
				8B5F44592E90FF95003137F2 /* Info.plist */,
				8BD7C3372E99306800E0305D /* GoogleService-Info.plist */,
				CAA9AEBE2E8FC15C0047A89A /* App */,
				CAA9AED22E8FC15C0047A89A /* Presentation */,
				CAA9AED42E8FC15C0047A89A /* Resources */,
			);
			path = "DonDog-iOS";
			sourceTree = "<group>";
		};
		CAA9AEE12E8FC17C0047A89A /* Invite */ = {
			isa = PBXGroup;
			children = (
				CAA9AEE22E8FC18B0047A89A /* Views */,
				CAA9AEE32E8FC1930047A89A /* ViewModels */,
			);
			path = Invite;
			sourceTree = "<group>";
		};
		CAA9AEE22E8FC18B0047A89A /* Views */ = {
			isa = PBXGroup;
			children = (
				CAA9AEE42E8FC1B40047A89A /* InviteView.swift */,
			);
			path = Views;
			sourceTree = "<group>";
		};
		CAA9AEE32E8FC1930047A89A /* ViewModels */ = {
			isa = PBXGroup;
			children = (
				CAA9AEF12E8FE3070047A89A /* InviteViewModel.swift */,
			);
			path = ViewModels;
			sourceTree = "<group>";
		};
		CAA9AEED2E8FC72E0047A89A /* Features */ = {
			isa = PBXGroup;
			children = (
				CAA9AEC72E8FC15C0047A89A /* Auth */,
				CAA9AEE12E8FC17C0047A89A /* Invite */,
				CAA9AECC2E8FC15C0047A89A /* Camera */,
				CAA9AED12E8FC15C0047A89A /* Feed */,
				D24402A72E992CD800D837C8 /* Caption */,
			);
			path = Features;
			sourceTree = "<group>";
		};
		CAA9AEEE2E8FE27B0047A89A /* Factory */ = {
			isa = PBXGroup;
			children = (
				CAA9AEEF2E8FE2990047A89A /* ModuleFactoryProtocol.swift */,
			);
			path = Factory;
			sourceTree = "<group>";
		};
		D24402A42E992CD800D837C8 /* ViewModels */ = {
			isa = PBXGroup;
			children = (
				D24402A32E992CD800D837C8 /* CaptionViewModel.swift */,
			);
			path = ViewModels;
			sourceTree = "<group>";
		};
		D24402A62E992CD800D837C8 /* Views */ = {
			isa = PBXGroup;
			children = (
				D24402A52E992CD800D837C8 /* CaptionView.swift */,
			);
			path = Views;
			sourceTree = "<group>";
		};
		D24402A72E992CD800D837C8 /* Caption */ = {
			isa = PBXGroup;
			children = (
				D24402A42E992CD800D837C8 /* ViewModels */,
				D24402A62E992CD800D837C8 /* Views */,
			);
			path = Caption;
			sourceTree = "<group>";
		};
		D24402AF2E992E7200D837C8 /* Utils */ = {
			isa = PBXGroup;
			children = (
				D24402AE2E992E7200D837C8 /* DataUtils.swift */,
			);
			path = Utils;
			sourceTree = "<group>";
		};
/* End PBXGroup section */

/* Begin PBXNativeTarget section */
		CAA9AE7F2E8FBE250047A89A /* DonDog-iOS */ = {
			isa = PBXNativeTarget;
			buildConfigurationList = CAA9AE8B2E8FBE260047A89A /* Build configuration list for PBXNativeTarget "DonDog-iOS" */;
			buildPhases = (
				CAA9AE7C2E8FBE250047A89A /* Sources */,
				CAA9AE7D2E8FBE250047A89A /* Frameworks */,
				CAA9AE7E2E8FBE250047A89A /* Resources */,
			);
			buildRules = (
			);
			dependencies = (
			);
			name = "DonDog-iOS";
			packageProductDependencies = (
				8B3182692E90CE1B004505AE /* FirebaseAnalytics */,
				8B31826B2E90CE1B004505AE /* FirebaseAuth */,
				8B31826D2E90CE1B004505AE /* FirebaseAuthCombine-Community */,
				8B31826F2E90CE1B004505AE /* FirebaseCore */,
				8B3182712E90CE1B004505AE /* FirebaseDatabase */,
				8B3182732E90CE1B004505AE /* FirebaseFirestore */,
				8B3182752E90CE1B004505AE /* FirebaseFirestoreCombine-Community */,
				8B3182772E90CE1B004505AE /* FirebaseMessaging */,
				8B3182792E90CE1B004505AE /* FirebasePerformance */,
				8B31827B2E90CE1B004505AE /* FirebaseRemoteConfig */,
				8B31827D2E90CE1B004505AE /* FirebaseStorage */,
				8B31827F2E90CE1B004505AE /* FirebaseStorageCombine-Community */,
			);
			productName = "DonDog-iOS";
			productReference = CAA9AE802E8FBE250047A89A /* DonDog-iOS.app */;
			productType = "com.apple.product-type.application";
		};
/* End PBXNativeTarget section */

/* Begin PBXProject section */
		CAA9AE782E8FBE250047A89A /* Project object */ = {
			isa = PBXProject;
			attributes = {
				BuildIndependentTargetsInParallel = 1;
				LastSwiftUpdateCheck = 2600;
				LastUpgradeCheck = 2600;
				TargetAttributes = {
					CAA9AE7F2E8FBE250047A89A = {
						CreatedOnToolsVersion = 26.0.1;
					};
				};
			};
			buildConfigurationList = CAA9AE7B2E8FBE250047A89A /* Build configuration list for PBXProject "DonDog-iOS" */;
			developmentRegion = en;
			hasScannedForEncodings = 0;
			knownRegions = (
				en,
				Base,
			);
			mainGroup = CAA9AE772E8FBE250047A89A;
			minimizedProjectReferenceProxies = 1;
			packageReferences = (
				8B3182682E90CE1B004505AE /* XCRemoteSwiftPackageReference "firebase-ios-sdk" */,
			);
			preferredProjectObjectVersion = 77;
			productRefGroup = CAA9AE812E8FBE250047A89A /* Products */;
			projectDirPath = "";
			projectRoot = "";
			targets = (
				CAA9AE7F2E8FBE250047A89A /* DonDog-iOS */,
			);
		};
/* End PBXProject section */

/* Begin PBXResourcesBuildPhase section */
		CAA9AE7E2E8FBE250047A89A /* Resources */ = {
			isa = PBXResourcesBuildPhase;
			buildActionMask = 2147483647;
			files = (
				CAA9AEE02E8FC15C0047A89A /* Assets.xcassets in Resources */,
				8BD7C3382E99306800E0305D /* GoogleService-Info.plist in Resources */,
			);
			runOnlyForDeploymentPostprocessing = 0;
		};
/* End PBXResourcesBuildPhase section */

/* Begin PBXSourcesBuildPhase section */
		CAA9AE7C2E8FBE250047A89A /* Sources */ = {
			isa = PBXSourcesBuildPhase;
			buildActionMask = 2147483647;
			files = (
				CAA9AED62E8FC15C0047A89A /* AppCoordinator.swift in Sources */,
				CAA9AED72E8FC15C0047A89A /* AppRoute.swift in Sources */,
				8B5F44562E90FA74003137F2 /* ProfileSetupView.swift in Sources */,
				D24402AD2E992CF000D837C8 /* PhotoSaveService.swift in Sources */,
				CAA9AED82E8FC15C0047A89A /* RootNavigationView.swift in Sources */,
				CAA9AED92E8FC15C0047A89A /* DonDog_iOSApp.swift in Sources */,
				CAA9AEDA2E8FC15C0047A89A /* AuthViewModel.swift in Sources */,
				CAA9AEDB2E8FC15C0047A89A /* AuthView.swift in Sources */,
				8B7377E02E9546030001EFCD /* AuthService.swift in Sources */,
				D24402A22E992CCF00D837C8 /* CameraViewContainer.swift in Sources */,
				CAA9AEDC2E8FC15C0047A89A /* CameraViewModel.swift in Sources */,
				8BA62EA42E9149A00054EB8F /* AppDelegate.swift in Sources */,
				CAA9AEE52E8FC1B40047A89A /* InviteView.swift in Sources */,
				D24402AB2E992CE700D837C8 /* PostContentView.swift in Sources */,
				D2D16C002E9153B7008FB3E2 /* PostViewModel.swift in Sources */,
				CAA9AEDD2E8FC15C0047A89A /* CameraView.swift in Sources */,
				CAA9AEDE2E8FC15C0047A89A /* FeedViewModel.swift in Sources */,
				8B5F44582E90FA99003137F2 /* ProfileSetupViewModel.swift in Sources */,
				D24402A82E992CD800D837C8 /* CaptionView.swift in Sources */,
				D24402B02E992E7200D837C8 /* DataUtils.swift in Sources */,
				D24402A92E992CD800D837C8 /* CaptionViewModel.swift in Sources */,
				CAA9AEF22E8FE3070047A89A /* InviteViewModel.swift in Sources */,
				A1AEBED12E9110160006FBBA /* CameraViewController.swift in Sources */,
				CAA9AEF02E8FE2990047A89A /* ModuleFactoryProtocol.swift in Sources */,
				D2D16C022E9153BE008FB3E2 /* PostView.swift in Sources */,
				CAA9AEDF2E8FC15C0047A89A /* FeedView.swift in Sources */,
			);
			runOnlyForDeploymentPostprocessing = 0;
		};
/* End PBXSourcesBuildPhase section */

/* Begin XCBuildConfiguration section */
		CAA9AE892E8FBE260047A89A /* Debug */ = {
			isa = XCBuildConfiguration;
			buildSettings = {
				ALWAYS_SEARCH_USER_PATHS = NO;
				ASSETCATALOG_COMPILER_GENERATE_SWIFT_ASSET_SYMBOL_EXTENSIONS = YES;
				CLANG_ANALYZER_NONNULL = YES;
				CLANG_ANALYZER_NUMBER_OBJECT_CONVERSION = YES_AGGRESSIVE;
				CLANG_CXX_LANGUAGE_STANDARD = "gnu++20";
				CLANG_ENABLE_MODULES = YES;
				CLANG_ENABLE_OBJC_ARC = YES;
				CLANG_ENABLE_OBJC_WEAK = YES;
				CLANG_WARN_BLOCK_CAPTURE_AUTORELEASING = YES;
				CLANG_WARN_BOOL_CONVERSION = YES;
				CLANG_WARN_COMMA = YES;
				CLANG_WARN_CONSTANT_CONVERSION = YES;
				CLANG_WARN_DEPRECATED_OBJC_IMPLEMENTATIONS = YES;
				CLANG_WARN_DIRECT_OBJC_ISA_USAGE = YES_ERROR;
				CLANG_WARN_DOCUMENTATION_COMMENTS = YES;
				CLANG_WARN_EMPTY_BODY = YES;
				CLANG_WARN_ENUM_CONVERSION = YES;
				CLANG_WARN_INFINITE_RECURSION = YES;
				CLANG_WARN_INT_CONVERSION = YES;
				CLANG_WARN_NON_LITERAL_NULL_CONVERSION = YES;
				CLANG_WARN_OBJC_IMPLICIT_RETAIN_SELF = YES;
				CLANG_WARN_OBJC_LITERAL_CONVERSION = YES;
				CLANG_WARN_OBJC_ROOT_CLASS = YES_ERROR;
				CLANG_WARN_QUOTED_INCLUDE_IN_FRAMEWORK_HEADER = YES;
				CLANG_WARN_RANGE_LOOP_ANALYSIS = YES;
				CLANG_WARN_STRICT_PROTOTYPES = YES;
				CLANG_WARN_SUSPICIOUS_MOVE = YES;
				CLANG_WARN_UNGUARDED_AVAILABILITY = YES_AGGRESSIVE;
				CLANG_WARN_UNREACHABLE_CODE = YES;
				CLANG_WARN__DUPLICATE_METHOD_MATCH = YES;
				COPY_PHASE_STRIP = NO;
				DEBUG_INFORMATION_FORMAT = dwarf;
				DEVELOPMENT_TEAM = 6TW9MCXPJD;
				ENABLE_STRICT_OBJC_MSGSEND = YES;
				ENABLE_TESTABILITY = YES;
				ENABLE_USER_SCRIPT_SANDBOXING = YES;
				GCC_C_LANGUAGE_STANDARD = gnu17;
				GCC_DYNAMIC_NO_PIC = NO;
				GCC_NO_COMMON_BLOCKS = YES;
				GCC_OPTIMIZATION_LEVEL = 0;
				GCC_PREPROCESSOR_DEFINITIONS = (
					"DEBUG=1",
					"$(inherited)",
				);
				GCC_WARN_64_TO_32_BIT_CONVERSION = YES;
				GCC_WARN_ABOUT_RETURN_TYPE = YES_ERROR;
				GCC_WARN_UNDECLARED_SELECTOR = YES;
				GCC_WARN_UNINITIALIZED_AUTOS = YES_AGGRESSIVE;
				GCC_WARN_UNUSED_FUNCTION = YES;
				GCC_WARN_UNUSED_VARIABLE = YES;
				IPHONEOS_DEPLOYMENT_TARGET = 26.0;
				LOCALIZATION_PREFERS_STRING_CATALOGS = YES;
				MTL_ENABLE_DEBUG_INFO = INCLUDE_SOURCE;
				MTL_FAST_MATH = YES;
				ONLY_ACTIVE_ARCH = YES;
				SDKROOT = iphoneos;
				SWIFT_ACTIVE_COMPILATION_CONDITIONS = "DEBUG $(inherited)";
				SWIFT_OPTIMIZATION_LEVEL = "-Onone";
			};
			name = Debug;
		};
		CAA9AE8A2E8FBE260047A89A /* Release */ = {
			isa = XCBuildConfiguration;
			buildSettings = {
				ALWAYS_SEARCH_USER_PATHS = NO;
				ASSETCATALOG_COMPILER_GENERATE_SWIFT_ASSET_SYMBOL_EXTENSIONS = YES;
				CLANG_ANALYZER_NONNULL = YES;
				CLANG_ANALYZER_NUMBER_OBJECT_CONVERSION = YES_AGGRESSIVE;
				CLANG_CXX_LANGUAGE_STANDARD = "gnu++20";
				CLANG_ENABLE_MODULES = YES;
				CLANG_ENABLE_OBJC_ARC = YES;
				CLANG_ENABLE_OBJC_WEAK = YES;
				CLANG_WARN_BLOCK_CAPTURE_AUTORELEASING = YES;
				CLANG_WARN_BOOL_CONVERSION = YES;
				CLANG_WARN_COMMA = YES;
				CLANG_WARN_CONSTANT_CONVERSION = YES;
				CLANG_WARN_DEPRECATED_OBJC_IMPLEMENTATIONS = YES;
				CLANG_WARN_DIRECT_OBJC_ISA_USAGE = YES_ERROR;
				CLANG_WARN_DOCUMENTATION_COMMENTS = YES;
				CLANG_WARN_EMPTY_BODY = YES;
				CLANG_WARN_ENUM_CONVERSION = YES;
				CLANG_WARN_INFINITE_RECURSION = YES;
				CLANG_WARN_INT_CONVERSION = YES;
				CLANG_WARN_NON_LITERAL_NULL_CONVERSION = YES;
				CLANG_WARN_OBJC_IMPLICIT_RETAIN_SELF = YES;
				CLANG_WARN_OBJC_LITERAL_CONVERSION = YES;
				CLANG_WARN_OBJC_ROOT_CLASS = YES_ERROR;
				CLANG_WARN_QUOTED_INCLUDE_IN_FRAMEWORK_HEADER = YES;
				CLANG_WARN_RANGE_LOOP_ANALYSIS = YES;
				CLANG_WARN_STRICT_PROTOTYPES = YES;
				CLANG_WARN_SUSPICIOUS_MOVE = YES;
				CLANG_WARN_UNGUARDED_AVAILABILITY = YES_AGGRESSIVE;
				CLANG_WARN_UNREACHABLE_CODE = YES;
				CLANG_WARN__DUPLICATE_METHOD_MATCH = YES;
				COPY_PHASE_STRIP = NO;
				DEBUG_INFORMATION_FORMAT = "dwarf-with-dsym";
				DEVELOPMENT_TEAM = 6TW9MCXPJD;
				ENABLE_NS_ASSERTIONS = NO;
				ENABLE_STRICT_OBJC_MSGSEND = YES;
				ENABLE_USER_SCRIPT_SANDBOXING = YES;
				GCC_C_LANGUAGE_STANDARD = gnu17;
				GCC_NO_COMMON_BLOCKS = YES;
				GCC_WARN_64_TO_32_BIT_CONVERSION = YES;
				GCC_WARN_ABOUT_RETURN_TYPE = YES_ERROR;
				GCC_WARN_UNDECLARED_SELECTOR = YES;
				GCC_WARN_UNINITIALIZED_AUTOS = YES_AGGRESSIVE;
				GCC_WARN_UNUSED_FUNCTION = YES;
				GCC_WARN_UNUSED_VARIABLE = YES;
				IPHONEOS_DEPLOYMENT_TARGET = 26.0;
				LOCALIZATION_PREFERS_STRING_CATALOGS = YES;
				MTL_ENABLE_DEBUG_INFO = NO;
				MTL_FAST_MATH = YES;
				SDKROOT = iphoneos;
				SWIFT_COMPILATION_MODE = wholemodule;
				VALIDATE_PRODUCT = YES;
			};
			name = Release;
		};
		CAA9AE8C2E8FBE260047A89A /* Debug */ = {
			isa = XCBuildConfiguration;
			buildSettings = {
				ASSETCATALOG_COMPILER_APPICON_NAME = AppIcon;
				ASSETCATALOG_COMPILER_GLOBAL_ACCENT_COLOR_NAME = AccentColor;
				CODE_SIGN_ENTITLEMENTS = "DonDog-iOS/DonDog-iOS.entitlements";
				CODE_SIGN_STYLE = Automatic;
				CURRENT_PROJECT_VERSION = 1;
				DEVELOPMENT_TEAM = A65CGWHSL8;
				DEVELOPMENT_TEAM = 47UM88R722;
				ENABLE_PREVIEWS = YES;
				GENERATE_INFOPLIST_FILE = YES;
				INFOPLIST_FILE = "DonDog-iOS/Info.plist";
				INFOPLIST_KEY_NSCameraUsageDescription = "사진 촬영을 위해 카메라 접근이 필요합니다.";
				INFOPLIST_KEY_UIApplicationSceneManifest_Generation = YES;
				INFOPLIST_KEY_UIApplicationSupportsIndirectInputEvents = YES;
				INFOPLIST_KEY_UILaunchScreen_Generation = YES;
				INFOPLIST_KEY_UISupportedInterfaceOrientations_iPad = "UIInterfaceOrientationPortrait UIInterfaceOrientationPortraitUpsideDown UIInterfaceOrientationLandscapeLeft UIInterfaceOrientationLandscapeRight";
				INFOPLIST_KEY_UISupportedInterfaceOrientations_iPhone = "UIInterfaceOrientationPortrait UIInterfaceOrientationLandscapeLeft UIInterfaceOrientationLandscapeRight";
				IPHONEOS_DEPLOYMENT_TARGET = 18.0;
				LD_RUNPATH_SEARCH_PATHS = (
					"$(inherited)",
					"@executable_path/Frameworks",
				);
				MARKETING_VERSION = 1.0;
				PRODUCT_BUNDLE_IDENTIFIER = "com.yuu.DonDog-iOS";
				PRODUCT_NAME = "$(TARGET_NAME)";
				STRING_CATALOG_GENERATE_SYMBOLS = YES;
				SWIFT_APPROACHABLE_CONCURRENCY = YES;
				SWIFT_DEFAULT_ACTOR_ISOLATION = MainActor;
				SWIFT_EMIT_LOC_STRINGS = YES;
				SWIFT_UPCOMING_FEATURE_MEMBER_IMPORT_VISIBILITY = YES;
				SWIFT_VERSION = 5.0;
				TARGETED_DEVICE_FAMILY = "1,2";
			};
			name = Debug;
		};
		CAA9AE8D2E8FBE260047A89A /* Release */ = {
			isa = XCBuildConfiguration;
			buildSettings = {
				ASSETCATALOG_COMPILER_APPICON_NAME = AppIcon;
				ASSETCATALOG_COMPILER_GLOBAL_ACCENT_COLOR_NAME = AccentColor;
				CODE_SIGN_ENTITLEMENTS = "DonDog-iOS/DonDog-iOS.entitlements";
				CODE_SIGN_STYLE = Automatic;
				CURRENT_PROJECT_VERSION = 1;
				DEVELOPMENT_TEAM = A65CGWHSL8;
				DEVELOPMENT_TEAM = 47UM88R722;
				ENABLE_PREVIEWS = YES;
				GENERATE_INFOPLIST_FILE = YES;
				INFOPLIST_FILE = "DonDog-iOS/Info.plist";
				INFOPLIST_KEY_NSCameraUsageDescription = "사진 촬영을 위해 카메라 접근이 필요합니다.";
				INFOPLIST_KEY_UIApplicationSceneManifest_Generation = YES;
				INFOPLIST_KEY_UIApplicationSupportsIndirectInputEvents = YES;
				INFOPLIST_KEY_UILaunchScreen_Generation = YES;
				INFOPLIST_KEY_UISupportedInterfaceOrientations_iPad = "UIInterfaceOrientationPortrait UIInterfaceOrientationPortraitUpsideDown UIInterfaceOrientationLandscapeLeft UIInterfaceOrientationLandscapeRight";
				INFOPLIST_KEY_UISupportedInterfaceOrientations_iPhone = "UIInterfaceOrientationPortrait UIInterfaceOrientationLandscapeLeft UIInterfaceOrientationLandscapeRight";
				IPHONEOS_DEPLOYMENT_TARGET = 18.0;
				LD_RUNPATH_SEARCH_PATHS = (
					"$(inherited)",
					"@executable_path/Frameworks",
				);
				MARKETING_VERSION = 1.0;
				PRODUCT_BUNDLE_IDENTIFIER = "com.yuu.DonDog-iOS";
				PRODUCT_NAME = "$(TARGET_NAME)";
				STRING_CATALOG_GENERATE_SYMBOLS = YES;
				SWIFT_APPROACHABLE_CONCURRENCY = YES;
				SWIFT_DEFAULT_ACTOR_ISOLATION = MainActor;
				SWIFT_EMIT_LOC_STRINGS = YES;
				SWIFT_UPCOMING_FEATURE_MEMBER_IMPORT_VISIBILITY = YES;
				SWIFT_VERSION = 5.0;
				TARGETED_DEVICE_FAMILY = "1,2";
			};
			name = Release;
		};
/* End XCBuildConfiguration section */

/* Begin XCConfigurationList section */
		CAA9AE7B2E8FBE250047A89A /* Build configuration list for PBXProject "DonDog-iOS" */ = {
			isa = XCConfigurationList;
			buildConfigurations = (
				CAA9AE892E8FBE260047A89A /* Debug */,
				CAA9AE8A2E8FBE260047A89A /* Release */,
			);
			defaultConfigurationIsVisible = 0;
			defaultConfigurationName = Release;
		};
		CAA9AE8B2E8FBE260047A89A /* Build configuration list for PBXNativeTarget "DonDog-iOS" */ = {
			isa = XCConfigurationList;
			buildConfigurations = (
				CAA9AE8C2E8FBE260047A89A /* Debug */,
				CAA9AE8D2E8FBE260047A89A /* Release */,
			);
			defaultConfigurationIsVisible = 0;
			defaultConfigurationName = Release;
		};
/* End XCConfigurationList section */

/* Begin XCRemoteSwiftPackageReference section */
		8B3182682E90CE1B004505AE /* XCRemoteSwiftPackageReference "firebase-ios-sdk" */ = {
			isa = XCRemoteSwiftPackageReference;
			repositoryURL = "https://github.com/firebase/firebase-ios-sdk";
			requirement = {
				kind = upToNextMajorVersion;
				minimumVersion = 12.3.0;
			};
		};
/* End XCRemoteSwiftPackageReference section */

/* Begin XCSwiftPackageProductDependency section */
		8B3182692E90CE1B004505AE /* FirebaseAnalytics */ = {
			isa = XCSwiftPackageProductDependency;
			package = 8B3182682E90CE1B004505AE /* XCRemoteSwiftPackageReference "firebase-ios-sdk" */;
			productName = FirebaseAnalytics;
		};
		8B31826B2E90CE1B004505AE /* FirebaseAuth */ = {
			isa = XCSwiftPackageProductDependency;
			package = 8B3182682E90CE1B004505AE /* XCRemoteSwiftPackageReference "firebase-ios-sdk" */;
			productName = FirebaseAuth;
		};
		8B31826D2E90CE1B004505AE /* FirebaseAuthCombine-Community */ = {
			isa = XCSwiftPackageProductDependency;
			package = 8B3182682E90CE1B004505AE /* XCRemoteSwiftPackageReference "firebase-ios-sdk" */;
			productName = "FirebaseAuthCombine-Community";
		};
		8B31826F2E90CE1B004505AE /* FirebaseCore */ = {
			isa = XCSwiftPackageProductDependency;
			package = 8B3182682E90CE1B004505AE /* XCRemoteSwiftPackageReference "firebase-ios-sdk" */;
			productName = FirebaseCore;
		};
		8B3182712E90CE1B004505AE /* FirebaseDatabase */ = {
			isa = XCSwiftPackageProductDependency;
			package = 8B3182682E90CE1B004505AE /* XCRemoteSwiftPackageReference "firebase-ios-sdk" */;
			productName = FirebaseDatabase;
		};
		8B3182732E90CE1B004505AE /* FirebaseFirestore */ = {
			isa = XCSwiftPackageProductDependency;
			package = 8B3182682E90CE1B004505AE /* XCRemoteSwiftPackageReference "firebase-ios-sdk" */;
			productName = FirebaseFirestore;
		};
		8B3182752E90CE1B004505AE /* FirebaseFirestoreCombine-Community */ = {
			isa = XCSwiftPackageProductDependency;
			package = 8B3182682E90CE1B004505AE /* XCRemoteSwiftPackageReference "firebase-ios-sdk" */;
			productName = "FirebaseFirestoreCombine-Community";
		};
		8B3182772E90CE1B004505AE /* FirebaseMessaging */ = {
			isa = XCSwiftPackageProductDependency;
			package = 8B3182682E90CE1B004505AE /* XCRemoteSwiftPackageReference "firebase-ios-sdk" */;
			productName = FirebaseMessaging;
		};
		8B3182792E90CE1B004505AE /* FirebasePerformance */ = {
			isa = XCSwiftPackageProductDependency;
			package = 8B3182682E90CE1B004505AE /* XCRemoteSwiftPackageReference "firebase-ios-sdk" */;
			productName = FirebasePerformance;
		};
		8B31827B2E90CE1B004505AE /* FirebaseRemoteConfig */ = {
			isa = XCSwiftPackageProductDependency;
			package = 8B3182682E90CE1B004505AE /* XCRemoteSwiftPackageReference "firebase-ios-sdk" */;
			productName = FirebaseRemoteConfig;
		};
		8B31827D2E90CE1B004505AE /* FirebaseStorage */ = {
			isa = XCSwiftPackageProductDependency;
			package = 8B3182682E90CE1B004505AE /* XCRemoteSwiftPackageReference "firebase-ios-sdk" */;
			productName = FirebaseStorage;
		};
		8B31827F2E90CE1B004505AE /* FirebaseStorageCombine-Community */ = {
			isa = XCSwiftPackageProductDependency;
			package = 8B3182682E90CE1B004505AE /* XCRemoteSwiftPackageReference "firebase-ios-sdk" */;
			productName = "FirebaseStorageCombine-Community";
		};
/* End XCSwiftPackageProductDependency section */
	};
	rootObject = CAA9AE782E8FBE250047A89A /* Project object */;
}
